
Microsoft Visual Studio Solution File, Format Version 12.00
# Visual Studio 15
VisualStudioVersion = 15.0.28010.2050
MinimumVisualStudioVersion = 10.0.40219.1
Project("{FAE04EC0-301F-11D3-BF4B-00C04F79EFBC}") = "HospitalChargesApp", "HospitalChargesApp\HospitalChargesApp.csproj", "{60126878-CCC9-4FF2-8112-44A9A31BEF65}"
EndProject
Global
	GlobalSection(SolutionConfigurationPlatforms) = preSolution
		Debug|Any CPU = Debug|Any CPU
		Release|Any CPU = Release|Any CPU
	EndGlobalSection
	GlobalSection(ProjectConfigurationPlatforms) = postSolution
		{60126878-CCC9-4FF2-8112-44A9A31BEF65}.Debug|Any CPU.ActiveCfg = Debug|Any CPU
		{60126878-CCC9-4FF2-8112-44A9A31BEF65}.Debug|Any CPU.Build.0 = Debug|Any CPU
		{60126878-CCC9-4FF2-8112-44A9A31BEF65}.Release|Any CPU.ActiveCfg = Release|Any CPU
		{60126878-CCC9-4FF2-8112-44A9A31BEF65}.Release|Any CPU.Build.0 = Release|Any CPU
	EndGlobalSection
	GlobalSection(SolutionProperties) = preSolution
		HideSolutionNode = FALSE
	EndGlobalSection
	GlobalSection(ExtensibilityGlobals) = postSolution
		SolutionGuid = {278079FE-56C3-4B61-9D80-D19CA7A5A8CB}
	EndGlobalSection
EndGlobal
